
Microsoft Visual Studio Solution File, Format Version 12.00
# Visual Studio Version 16
VisualStudioVersion = 16.0.31424.327
MinimumVisualStudioVersion = 10.0.40219.1
Project("{FAE04EC0-301F-11D3-BF4B-00C04F79EFBC}") = "md04_CadernoExercicios_02", "md04_CadernoExercicios_02.csproj", "{C374266E-504E-4AC8-8C40-A90FAD04E3C7}"
EndProject
Global
	GlobalSection(SolutionConfigurationPlatforms) = preSolution
		Debug|Any CPU = Debug|Any CPU
		Release|Any CPU = Release|Any CPU
	EndGlobalSection
	GlobalSection(ProjectConfigurationPlatforms) = postSolution
		{C374266E-504E-4AC8-8C40-A90FAD04E3C7}.Debug|Any CPU.ActiveCfg = Debug|Any CPU
		{C374266E-504E-4AC8-8C40-A90FAD04E3C7}.Debug|Any CPU.Build.0 = Debug|Any CPU
		{C374266E-504E-4AC8-8C40-A90FAD04E3C7}.Release|Any CPU.ActiveCfg = Release|Any CPU
		{C374266E-504E-4AC8-8C40-A90FAD04E3C7}.Release|Any CPU.Build.0 = Release|Any CPU
	EndGlobalSection
	GlobalSection(SolutionProperties) = preSolution
		HideSolutionNode = FALSE
	EndGlobalSection
	GlobalSection(ExtensibilityGlobals) = postSolution
		SolutionGuid = {2A193EA9-24BC-4C79-A3F4-D2F2EC1D660D}
	EndGlobalSection
EndGlobal
